// !$*UTF8*$!
{
	archiveVersion = 1;
	classes = {
	};
	objectVersion = 46;
	objects = {

/* Begin PBXBuildFile section */
		7D8A22801D87D1B200A52EED /* main.m in Sources */ = {isa = PBXBuildFile; fileRef = 7D8A227F1D87D1B200A52EED /* main.m */; };
		7D8A22831D87D1B200A52EED /* AppDelegate.m in Sources */ = {isa = PBXBuildFile; fileRef = 7D8A22821D87D1B200A52EED /* AppDelegate.m */; };
		7D8A22861D87D1B200A52EED /* ViewController.m in Sources */ = {isa = PBXBuildFile; fileRef = 7D8A22851D87D1B200A52EED /* ViewController.m */; };
		7D8A22891D87D1B200A52EED /* Main.storyboard in Resources */ = {isa = PBXBuildFile; fileRef = 7D8A22871D87D1B200A52EED /* Main.storyboard */; };
		7D8A228B1D87D1B200A52EED /* Assets.xcassets in Resources */ = {isa = PBXBuildFile; fileRef = 7D8A228A1D87D1B200A52EED /* Assets.xcassets */; };
		7D8A228E1D87D1B200A52EED /* LaunchScreen.storyboard in Resources */ = {isa = PBXBuildFile; fileRef = 7D8A228C1D87D1B200A52EED /* LaunchScreen.storyboard */; };
		7D8A22991D87D1B200A52EED /* TestTests.m in Sources */ = {isa = PBXBuildFile; fileRef = 7D8A22981D87D1B200A52EED /* TestTests.m */; };
		7D8A22A41D87D1B200A52EED /* TestUITests.m in Sources */ = {isa = PBXBuildFile; fileRef = 7D8A22A31D87D1B200A52EED /* TestUITests.m */; };
/* End PBXBuildFile section */

/* Begin PBXContainerItemProxy section */
		7D8A22951D87D1B200A52EED /* PBXContainerItemProxy */ = {
			isa = PBXContainerItemProxy;
			containerPortal = 7D8A22731D87D1B200A52EED /* Project object */;
			proxyType = 1;
			remoteGlobalIDString = 7D8A227A1D87D1B200A52EED;
			remoteInfo = Test;
		};
		7D8A22A01D87D1B200A52EED /* PBXContainerItemProxy */ = {
			isa = PBXContainerItemProxy;
			containerPortal = 7D8A22731D87D1B200A52EED /* Project object */;
			proxyType = 1;
			remoteGlobalIDString = 7D8A227A1D87D1B200A52EED;
			remoteInfo = Test;
		};
/* End PBXContainerItemProxy section */

/* Begin PBXFileReference section */
		7D8A227B1D87D1B200A52EED /* Test.app */ = {isa = PBXFileReference; explicitFileType = wrapper.application; includeInIndex = 0; path = Test.app; sourceTree = BUILT_PRODUCTS_DIR; };
		7D8A227F1D87D1B200A52EED /* main.m */ = {isa = PBXFileReference; lastKnownFileType = sourcecode.c.objc; path = main.m; sourceTree = "<group>"; };
		7D8A22811D87D1B200A52EED /* AppDelegate.h */ = {isa = PBXFileReference; lastKnownFileType = sourcecode.c.h; path = AppDelegate.h; sourceTree = "<group>"; };
		7D8A22821D87D1B200A52EED /* AppDelegate.m */ = {isa = PBXFileReference; lastKnownFileType = sourcecode.c.objc; path = AppDelegate.m; sourceTree = "<group>"; };
		7D8A22841D87D1B200A52EED /* ViewController.h */ = {isa = PBXFileReference; lastKnownFileType = sourcecode.c.h; path = ViewController.h; sourceTree = "<group>"; };
		7D8A22851D87D1B200A52EED /* ViewController.m */ = {isa = PBXFileReference; lastKnownFileType = sourcecode.c.objc; path = ViewController.m; sourceTree = "<group>"; };
		7D8A22881D87D1B200A52EED /* Base */ = {isa = PBXFileReference; lastKnownFileType = file.storyboard; name = Base; path = Base.lproj/Main.storyboard; sourceTree = "<group>"; };
		7D8A228A1D87D1B200A52EED /* Assets.xcassets */ = {isa = PBXFileReference; lastKnownFileType = folder.assetcatalog; path = Assets.xcassets; sourceTree = "<group>"; };
		7D8A228D1D87D1B200A52EED /* Base */ = {isa = PBXFileReference; lastKnownFileType = file.storyboard; name = Base; path = Base.lproj/LaunchScreen.storyboard; sourceTree = "<group>"; };
		7D8A228F1D87D1B200A52EED /* Info.plist */ = {isa = PBXFileReference; lastKnownFileType = text.plist.xml; path = Info.plist; sourceTree = "<group>"; };
		7D8A22941D87D1B200A52EED /* TestTests.xctest */ = {isa = PBXFileReference; explicitFileType = wrapper.cfbundle; includeInIndex = 0; path = TestTests.xctest; sourceTree = BUILT_PRODUCTS_DIR; };
		7D8A22981D87D1B200A52EED /* TestTests.m */ = {isa = PBXFileReference; lastKnownFileType = sourcecode.c.objc; path = TestTests.m; sourceTree = "<group>"; };
		7D8A229A1D87D1B200A52EED /* Info.plist */ = {isa = PBXFileReference; lastKnownFileType = text.plist.xml; path = Info.plist; sourceTree = "<group>"; };
		7D8A229F1D87D1B200A52EED /* TestUITests.xctest */ = {isa = PBXFileReference; explicitFileType = wrapper.cfbundle; includeInIndex = 0; path = TestUITests.xctest; sourceTree = BUILT_PRODUCTS_DIR; };
		7D8A22A31D87D1B200A52EED /* TestUITests.m */ = {isa = PBXFileReference; lastKnownFileType = sourcecode.c.objc; path = TestUITests.m; sourceTree = "<group>"; };
		7D8A22A51D87D1B200A52EED /* Info.plist */ = {isa = PBXFileReference; lastKnownFileType = text.plist.xml; path = Info.plist; sourceTree = "<group>"; };
/* End PBXFileReference section */

/* Begin PBXFrameworksBuildPhase section */
		7D8A22781D87D1B200A52EED /* Frameworks */ = {
			isa = PBXFrameworksBuildPhase;
			buildActionMask = 2147483647;
			files = (
			);
			runOnlyForDeploymentPostprocessing = 0;
		};
		7D8A22911D87D1B200A52EED /* Frameworks */ = {
			isa = PBXFrameworksBuildPhase;
			buildActionMask = 2147483647;
			files = (
			);
			runOnlyForDeploymentPostprocessing = 0;
		};
		7D8A229C1D87D1B200A52EED /* Frameworks */ = {
			isa = PBXFrameworksBuildPhase;
			buildActionMask = 2147483647;
			files = (
			);
			runOnlyForDeploymentPostprocessing = 0;
		};
/* End PBXFrameworksBuildPhase section */

/* Begin PBXGroup section */
		7D8A22721D87D1B200A52EED = {
			isa = PBXGroup;
			children = (
				7D8A227D1D87D1B200A52EED /* Test */,
				7D8A22971D87D1B200A52EED /* TestTests */,
				7D8A22A21D87D1B200A52EED /* TestUITests */,
				7D8A227C1D87D1B200A52EED /* Products */,
			);
			sourceTree = "<group>";
		};
		7D8A227C1D87D1B200A52EED /* Products */ = {
			isa = PBXGroup;
			children = (
				7D8A227B1D87D1B200A52EED /* Test.app */,
				7D8A22941D87D1B200A52EED /* TestTests.xctest */,
				7D8A229F1D87D1B200A52EED /* TestUITests.xctest */,
			);
			name = Products;
			sourceTree = "<group>";
		};
		7D8A227D1D87D1B200A52EED /* Test */ = {
			isa = PBXGroup;
			children = (
				7D8A22811D87D1B200A52EED /* AppDelegate.h */,
				7D8A22821D87D1B200A52EED /* AppDelegate.m */,
				7D8A22841D87D1B200A52EED /* ViewController.h */,
				7D8A22851D87D1B200A52EED /* ViewController.m */,
				7D8A22871D87D1B200A52EED /* Main.storyboard */,
				7D8A228A1D87D1B200A52EED /* Assets.xcassets */,
				7D8A228C1D87D1B200A52EED /* LaunchScreen.storyboard */,
				7D8A228F1D87D1B200A52EED /* Info.plist */,
				7D8A227E1D87D1B200A52EED /* Supporting Files */,
			);
			path = Test;
			sourceTree = "<group>";
		};
		7D8A227E1D87D1B200A52EED /* Supporting Files */ = {
			isa = PBXGroup;
			children = (
				7D8A227F1D87D1B200A52EED /* main.m */,
			);
			name = "Supporting Files";
			sourceTree = "<group>";
		};
		7D8A22971D87D1B200A52EED /* TestTests */ = {
			isa = PBXGroup;
			children = (
				7D8A22981D87D1B200A52EED /* TestTests.m */,
				7D8A229A1D87D1B200A52EED /* Info.plist */,
			);
			path = TestTests;
			sourceTree = "<group>";
		};
		7D8A22A21D87D1B200A52EED /* TestUITests */ = {
			isa = PBXGroup;
			children = (
				7D8A22A31D87D1B200A52EED /* TestUITests.m */,
				7D8A22A51D87D1B200A52EED /* Info.plist */,
			);
			path = TestUITests;
			sourceTree = "<group>";
		};
/* End PBXGroup section */

/* Begin PBXNativeTarget section */
		7D8A227A1D87D1B200A52EED /* Test */ = {
			isa = PBXNativeTarget;
			buildConfigurationList = 7D8A22A81D87D1B200A52EED /* Build configuration list for PBXNativeTarget "Test" */;
			buildPhases = (
				7D8A22771D87D1B200A52EED /* Sources */,
				7D8A22781D87D1B200A52EED /* Frameworks */,
				7D8A22791D87D1B200A52EED /* Resources */,
			);
			buildRules = (
			);
			dependencies = (
			);
			name = Test;
			productName = Test;
			productReference = 7D8A227B1D87D1B200A52EED /* Test.app */;
			productType = "com.apple.product-type.application";
		};
		7D8A22931D87D1B200A52EED /* TestTests */ = {
			isa = PBXNativeTarget;
			buildConfigurationList = 7D8A22AB1D87D1B200A52EED /* Build configuration list for PBXNativeTarget "TestTests" */;
			buildPhases = (
				7D8A22901D87D1B200A52EED /* Sources */,
				7D8A22911D87D1B200A52EED /* Frameworks */,
				7D8A22921D87D1B200A52EED /* Resources */,
			);
			buildRules = (
			);
			dependencies = (
				7D8A22961D87D1B200A52EED /* PBXTargetDependency */,
			);
			name = TestTests;
			productName = TestTests;
			productReference = 7D8A22941D87D1B200A52EED /* TestTests.xctest */;
			productType = "com.apple.product-type.bundle.unit-test";
		};
		7D8A229E1D87D1B200A52EED /* TestUITests */ = {
			isa = PBXNativeTarget;
			buildConfigurationList = 7D8A22AE1D87D1B200A52EED /* Build configuration list for PBXNativeTarget "TestUITests" */;
			buildPhases = (
				7D8A229B1D87D1B200A52EED /* Sources */,
				7D8A229C1D87D1B200A52EED /* Frameworks */,
				7D8A229D1D87D1B200A52EED /* Resources */,
			);
			buildRules = (
			);
			dependencies = (
				7D8A22A11D87D1B200A52EED /* PBXTargetDependency */,
			);
			name = TestUITests;
			productName = TestUITests;
			productReference = 7D8A229F1D87D1B200A52EED /* TestUITests.xctest */;
			productType = "com.apple.product-type.bundle.ui-testing";
		};
/* End PBXNativeTarget section */

/* Begin PBXProject section */
		7D8A22731D87D1B200A52EED /* Project object */ = {
			isa = PBXProject;
			attributes = {
				LastUpgradeCheck = 0800;
				ORGANIZATIONNAME = "曲正平";
				TargetAttributes = {
					7D8A227A1D87D1B200A52EED = {
						CreatedOnToolsVersion = 8.0;
						ProvisioningStyle = Automatic;
					};
					7D8A22931D87D1B200A52EED = {
						CreatedOnToolsVersion = 8.0;
						ProvisioningStyle = Automatic;
						TestTargetID = 7D8A227A1D87D1B200A52EED;
					};
					7D8A229E1D87D1B200A52EED = {
						CreatedOnToolsVersion = 8.0;
						ProvisioningStyle = Automatic;
						TestTargetID = 7D8A227A1D87D1B200A52EED;
					};
				};
			};
			buildConfigurationList = 7D8A22761D87D1B200A52EED /* Build configuration list for PBXProject "Test" */;
			compatibilityVersion = "Xcode 3.2";
			developmentRegion = English;
			hasScannedForEncodings = 0;
			knownRegions = (
				en,
				Base,
			);
			mainGroup = 7D8A22721D87D1B200A52EED;
			productRefGroup = 7D8A227C1D87D1B200A52EED /* Products */;
			projectDirPath = "";
			projectRoot = "";
			targets = (
				7D8A227A1D87D1B200A52EED /* Test */,
				7D8A22931D87D1B200A52EED /* TestTests */,
				7D8A229E1D87D1B200A52EED /* TestUITests */,
			);
		};
/* End PBXProject section */

/* Begin PBXResourcesBuildPhase section */
		7D8A22791D87D1B200A52EED /* Resources */ = {
			isa = PBXResourcesBuildPhase;
			buildActionMask = 2147483647;
			files = (
				7D8A228E1D87D1B200A52EED /* LaunchScreen.storyboard in Resources */,
				7D8A228B1D87D1B200A52EED /* Assets.xcassets in Resources */,
				7D8A22891D87D1B200A52EED /* Main.storyboard in Resources */,
			);
			runOnlyForDeploymentPostprocessing = 0;
		};
		7D8A22921D87D1B200A52EED /* Resources */ = {
			isa = PBXResourcesBuildPhase;
			buildActionMask = 2147483647;
			files = (
			);
			runOnlyForDeploymentPostprocessing = 0;
		};
		7D8A229D1D87D1B200A52EED /* Resources */ = {
			isa = PBXResourcesBuildPhase;
			buildActionMask = 2147483647;
			files = (
			);
			runOnlyForDeploymentPostprocessing = 0;
		};
/* End PBXResourcesBuildPhase section */

/* Begin PBXSourcesBuildPhase section */
		7D8A22771D87D1B200A52EED /* Sources */ = {
			isa = PBXSourcesBuildPhase;
			buildActionMask = 2147483647;
			files = (
				7D8A22861D87D1B200A52EED /* ViewController.m in Sources */,
				7D8A22831D87D1B200A52EED /* AppDelegate.m in Sources */,
				7D8A22801D87D1B200A52EED /* main.m in Sources */,
			);
			runOnlyForDeploymentPostprocessing = 0;
		};
		7D8A22901D87D1B200A52EED /* Sources */ = {
			isa = PBXSourcesBuildPhase;
			buildActionMask = 2147483647;
			files = (
				7D8A22991D87D1B200A52EED /* TestTests.m in Sources */,
			);
			runOnlyForDeploymentPostprocessing = 0;
		};
		7D8A229B1D87D1B200A52EED /* Sources */ = {
			isa = PBXSourcesBuildPhase;
			buildActionMask = 2147483647;
			files = (
				7D8A22A41D87D1B200A52EED /* TestUITests.m in Sources */,
			);
			runOnlyForDeploymentPostprocessing = 0;
		};
/* End PBXSourcesBuildPhase section */

/* Begin PBXTargetDependency section */
		7D8A22961D87D1B200A52EED /* PBXTargetDependency */ = {
			isa = PBXTargetDependency;
			target = 7D8A227A1D87D1B200A52EED /* Test */;
			targetProxy = 7D8A22951D87D1B200A52EED /* PBXContainerItemProxy */;
		};
		7D8A22A11D87D1B200A52EED /* PBXTargetDependency */ = {
			isa = PBXTargetDependency;
			target = 7D8A227A1D87D1B200A52EED /* Test */;
			targetProxy = 7D8A22A01D87D1B200A52EED /* PBXContainerItemProxy */;
		};
/* End PBXTargetDependency section */

/* Begin PBXVariantGroup section */
		7D8A22871D87D1B200A52EED /* Main.storyboard */ = {
			isa = PBXVariantGroup;
			children = (
				7D8A22881D87D1B200A52EED /* Base */,
			);
			name = Main.storyboard;
			sourceTree = "<group>";
		};
		7D8A228C1D87D1B200A52EED /* LaunchScreen.storyboard */ = {
			isa = PBXVariantGroup;
			children = (
				7D8A228D1D87D1B200A52EED /* Base */,
			);
			name = LaunchScreen.storyboard;
			sourceTree = "<group>";
		};
/* End PBXVariantGroup section */

/* Begin XCBuildConfiguration section */
		7D8A22A61D87D1B200A52EED /* Debug */ = {
			isa = XCBuildConfiguration;
			buildSettings = {
				ALWAYS_SEARCH_USER_PATHS = NO;
				CLANG_ANALYZER_NONNULL = YES;
				CLANG_CXX_LANGUAGE_STANDARD = "gnu++0x";
				CLANG_CXX_LIBRARY = "libc++";
				CLANG_ENABLE_MODULES = YES;
				CLANG_ENABLE_OBJC_ARC = YES;
				CLANG_WARN_BOOL_CONVERSION = YES;
				CLANG_WARN_CONSTANT_CONVERSION = YES;
				CLANG_WARN_DIRECT_OBJC_ISA_USAGE = YES_ERROR;
				CLANG_WARN_DOCUMENTATION_COMMENTS = YES;
				CLANG_WARN_EMPTY_BODY = YES;
				CLANG_WARN_ENUM_CONVERSION = YES;
				CLANG_WARN_INFINITE_RECURSION = YES;
				CLANG_WARN_INT_CONVERSION = YES;
				CLANG_WARN_OBJC_ROOT_CLASS = YES_ERROR;
				CLANG_WARN_SUSPICIOUS_MOVES = YES;
				CLANG_WARN_UNREACHABLE_CODE = YES;
				CLANG_WARN__DUPLICATE_METHOD_MATCH = YES;
				"CODE_SIGN_IDENTITY[sdk=iphoneos*]" = "iPhone Developer";
				COPY_PHASE_STRIP = NO;
				DEBUG_INFORMATION_FORMAT = dwarf;
				ENABLE_STRICT_OBJC_MSGSEND = YES;
				ENABLE_TESTABILITY = YES;
				GCC_C_LANGUAGE_STANDARD = gnu99;
				GCC_DYNAMIC_NO_PIC = NO;
				GCC_NO_COMMON_BLOCKS = YES;
				GCC_OPTIMIZATION_LEVEL = 0;
				GCC_PREPROCESSOR_DEFINITIONS = (
					"DEBUG=1",
					"$(inherited)",
				);
				GCC_WARN_64_TO_32_BIT_CONVERSION = YES;
				GCC_WARN_ABOUT_RETURN_TYPE = YES_ERROR;
				GCC_WARN_UNDECLARED_SELECTOR = YES;
				GCC_WARN_UNINITIALIZED_AUTOS = YES_AGGRESSIVE;
				GCC_WARN_UNUSED_FUNCTION = YES;
				GCC_WARN_UNUSED_VARIABLE = YES;
				IPHONEOS_DEPLOYMENT_TARGET = 10.0;
				MTL_ENABLE_DEBUG_INFO = YES;
				ONLY_ACTIVE_ARCH = YES;
				SDKROOT = iphoneos;
			};
			name = Debug;
		};
		7D8A22A71D87D1B200A52EED /* Release */ = {
			isa = XCBuildConfiguration;
			buildSettings = {
				ALWAYS_SEARCH_USER_PATHS = NO;
				CLANG_ANALYZER_NONNULL = YES;
				CLANG_CXX_LANGUAGE_STANDARD = "gnu++0x";
				CLANG_CXX_LIBRARY = "libc++";
				CLANG_ENABLE_MODULES = YES;
				CLANG_ENABLE_OBJC_ARC = YES;
				CLANG_WARN_BOOL_CONVERSION = YES;
				CLANG_WARN_CONSTANT_CONVERSION = YES;
				CLANG_WARN_DIRECT_OBJC_ISA_USAGE = YES_ERROR;
				CLANG_WARN_DOCUMENTATION_COMMENTS = YES;
				CLANG_WARN_EMPTY_BODY = YES;
				CLANG_WARN_ENUM_CONVERSION = YES;
				CLANG_WARN_INFINITE_RECURSION = YES;
				CLANG_WARN_INT_CONVERSION = YES;
				CLANG_WARN_OBJC_ROOT_CLASS = YES_ERROR;
				CLANG_WARN_SUSPICIOUS_MOVES = YES;
				CLANG_WARN_UNREACHABLE_CODE = YES;
				CLANG_WARN__DUPLICATE_METHOD_MATCH = YES;
				"CODE_SIGN_IDENTITY[sdk=iphoneos*]" = "iPhone Developer";
				COPY_PHASE_STRIP = NO;
				DEBUG_INFORMATION_FORMAT = "dwarf-with-dsym";
				ENABLE_NS_ASSERTIONS = NO;
				ENABLE_STRICT_OBJC_MSGSEND = YES;
				GCC_C_LANGUAGE_STANDARD = gnu99;
				GCC_NO_COMMON_BLOCKS = YES;
				GCC_WARN_64_TO_32_BIT_CONVERSION = YES;
				GCC_WARN_ABOUT_RETURN_TYPE = YES_ERROR;
				GCC_WARN_UNDECLARED_SELECTOR = YES;
				GCC_WARN_UNINITIALIZED_AUTOS = YES_AGGRESSIVE;
				GCC_WARN_UNUSED_FUNCTION = YES;
				GCC_WARN_UNUSED_VARIABLE = YES;
				IPHONEOS_DEPLOYMENT_TARGET = 10.0;
				MTL_ENABLE_DEBUG_INFO = NO;
				SDKROOT = iphoneos;
				VALIDATE_PRODUCT = YES;
			};
			name = Release;
		};
		7D8A22A91D87D1B200A52EED /* Debug */ = {
			isa = XCBuildConfiguration;
			buildSettings = {
				ASSETCATALOG_COMPILER_APPICON_NAME = AppIcon;
				INFOPLIST_FILE = Test/Info.plist;
				LD_RUNPATH_SEARCH_PATHS = "$(inherited) @executable_path/Frameworks";
				PRODUCT_BUNDLE_IDENTIFIER = com.jnbank.iphone.Test;
				PRODUCT_NAME = "$(TARGET_NAME)";
			};
			name = Debug;
		};
		7D8A22AA1D87D1B200A52EED /* Release */ = {
			isa = XCBuildConfiguration;
			buildSettings = {
				ASSETCATALOG_COMPILER_APPICON_NAME = AppIcon;
				INFOPLIST_FILE = Test/Info.plist;
				LD_RUNPATH_SEARCH_PATHS = "$(inherited) @executable_path/Frameworks";
				PRODUCT_BUNDLE_IDENTIFIER = com.jnbank.iphone.Test;
				PRODUCT_NAME = "$(TARGET_NAME)";
			};
			name = Release;
		};
		7D8A22AC1D87D1B200A52EED /* Debug */ = {
			isa = XCBuildConfiguration;
			buildSettings = {
				BUNDLE_LOADER = "$(TEST_HOST)";
				INFOPLIST_FILE = TestTests/Info.plist;
				LD_RUNPATH_SEARCH_PATHS = "$(inherited) @executable_path/Frameworks @loader_path/Frameworks";
				PRODUCT_BUNDLE_IDENTIFIER = com.jnbank.iphone.TestTests;
				PRODUCT_NAME = "$(TARGET_NAME)";
				TEST_HOST = "$(BUILT_PRODUCTS_DIR)/Test.app/Test";
			};
			name = Debug;
		};
		7D8A22AD1D87D1B200A52EED /* Release */ = {
			isa = XCBuildConfiguration;
			buildSettings = {
				BUNDLE_LOADER = "$(TEST_HOST)";
				INFOPLIST_FILE = TestTests/Info.plist;
				LD_RUNPATH_SEARCH_PATHS = "$(inherited) @executable_path/Frameworks @loader_path/Frameworks";
				PRODUCT_BUNDLE_IDENTIFIER = com.jnbank.iphone.TestTests;
				PRODUCT_NAME = "$(TARGET_NAME)";
				TEST_HOST = "$(BUILT_PRODUCTS_DIR)/Test.app/Test";
			};
			name = Release;
		};
		7D8A22AF1D87D1B200A52EED /* Debug */ = {
			isa = XCBuildConfiguration;
			buildSettings = {
				INFOPLIST_FILE = TestUITests/Info.plist;
				LD_RUNPATH_SEARCH_PATHS = "$(inherited) @executable_path/Frameworks @loader_path/Frameworks";
				PRODUCT_BUNDLE_IDENTIFIER = com.jnbank.iphone.TestUITests;
				PRODUCT_NAME = "$(TARGET_NAME)";
				TEST_TARGET_NAME = Test;
			};
			name = Debug;
		};
		7D8A22B01D87D1B200A52EED /* Release */ = {
			isa = XCBuildConfiguration;
			buildSettings = {
				INFOPLIST_FILE = TestUITests/Info.plist;
				LD_RUNPATH_SEARCH_PATHS = "$(inherited) @executable_path/Frameworks @loader_path/Frameworks";
				PRODUCT_BUNDLE_IDENTIFIER = com.jnbank.iphone.TestUITests;
				PRODUCT_NAME = "$(TARGET_NAME)";
				TEST_TARGET_NAME = Test;
			};
			name = Release;
		};
/* End XCBuildConfiguration section */

/* Begin XCConfigurationList section */
		7D8A22761D87D1B200A52EED /* Build configuration list for PBXProject "Test" */ = {
			isa = XCConfigurationList;
			buildConfigurations = (
				7D8A22A61D87D1B200A52EED /* Debug */,
				7D8A22A71D87D1B200A52EED /* Release */,
			);
			defaultConfigurationIsVisible = 0;
			defaultConfigurationName = Release;
		};
		7D8A22A81D87D1B200A52EED /* Build configuration list for PBXNativeTarget "Test" */ = {
			isa = XCConfigurationList;
			buildConfigurations = (
				7D8A22A91D87D1B200A52EED /* Debug */,
				7D8A22AA1D87D1B200A52EED /* Release */,
			);
			defaultConfigurationIsVisible = 0;
		};
		7D8A22AB1D87D1B200A52EED /* Build configuration list for PBXNativeTarget "TestTests" */ = {
			isa = XCConfigurationList;
			buildConfigurations = (
				7D8A22AC1D87D1B200A52EED /* Debug */,
				7D8A22AD1D87D1B200A52EED /* Release */,
			);
			defaultConfigurationIsVisible = 0;
		};
		7D8A22AE1D87D1B200A52EED /* Build configuration list for PBXNativeTarget "TestUITests" */ = {
			isa = XCConfigurationList;
			buildConfigurations = (
				7D8A22AF1D87D1B200A52EED /* Debug */,
				7D8A22B01D87D1B200A52EED /* Release */,
			);
			defaultConfigurationIsVisible = 0;
		};
/* End XCConfigurationList section */
	};
	rootObject = 7D8A22731D87D1B200A52EED /* Project object */;
}
